
Microsoft Visual Studio Solution File, Format Version 12.00
# Visual Studio Version 16
VisualStudioVersion = 16.0.30114.105
MinimumVisualStudioVersion = 10.0.40219.1
Project("{FAE04EC0-301F-11D3-BF4B-00C04F79EFBC}") = "BootcampFunctions", "BootcampFunctions\BootcampFunctions.csproj", "{7A37DDA1-311A-4D88-ABB4-FF919000D517}"
EndProject
Project("{FAE04EC0-301F-11D3-BF4B-00C04F79EFBC}") = "BootcampFunctions.Test", "BootcampFunctions.Test\BootcampFunctions.Test.csproj", "{0C9F850A-6DEB-4A08-B4F2-7A53F86BFF60}"
EndProject
Global
	GlobalSection(SolutionConfigurationPlatforms) = preSolution
		Debug|Any CPU = Debug|Any CPU
		Debug|x64 = Debug|x64
		Debug|x86 = Debug|x86
		Release|Any CPU = Release|Any CPU
		Release|x64 = Release|x64
		Release|x86 = Release|x86
	EndGlobalSection
	GlobalSection(SolutionProperties) = preSolution
		HideSolutionNode = FALSE
	EndGlobalSection
	GlobalSection(ProjectConfigurationPlatforms) = postSolution
		{7A37DDA1-311A-4D88-ABB4-FF919000D517}.Debug|Any CPU.ActiveCfg = Debug|Any CPU
		{7A37DDA1-311A-4D88-ABB4-FF919000D517}.Debug|Any CPU.Build.0 = Debug|Any CPU
		{7A37DDA1-311A-4D88-ABB4-FF919000D517}.Debug|x64.ActiveCfg = Debug|Any CPU
		{7A37DDA1-311A-4D88-ABB4-FF919000D517}.Debug|x64.Build.0 = Debug|Any CPU
		{7A37DDA1-311A-4D88-ABB4-FF919000D517}.Debug|x86.ActiveCfg = Debug|Any CPU
		{7A37DDA1-311A-4D88-ABB4-FF919000D517}.Debug|x86.Build.0 = Debug|Any CPU
		{7A37DDA1-311A-4D88-ABB4-FF919000D517}.Release|Any CPU.ActiveCfg = Release|Any CPU
		{7A37DDA1-311A-4D88-ABB4-FF919000D517}.Release|Any CPU.Build.0 = Release|Any CPU
		{7A37DDA1-311A-4D88-ABB4-FF919000D517}.Release|x64.ActiveCfg = Release|Any CPU
		{7A37DDA1-311A-4D88-ABB4-FF919000D517}.Release|x64.Build.0 = Release|Any CPU
		{7A37DDA1-311A-4D88-ABB4-FF919000D517}.Release|x86.ActiveCfg = Release|Any CPU
		{7A37DDA1-311A-4D88-ABB4-FF919000D517}.Release|x86.Build.0 = Release|Any CPU
		{0C9F850A-6DEB-4A08-B4F2-7A53F86BFF60}.Debug|Any CPU.ActiveCfg = Debug|Any CPU
		{0C9F850A-6DEB-4A08-B4F2-7A53F86BFF60}.Debug|Any CPU.Build.0 = Debug|Any CPU
		{0C9F850A-6DEB-4A08-B4F2-7A53F86BFF60}.Debug|x64.ActiveCfg = Debug|Any CPU
		{0C9F850A-6DEB-4A08-B4F2-7A53F86BFF60}.Debug|x64.Build.0 = Debug|Any CPU
		{0C9F850A-6DEB-4A08-B4F2-7A53F86BFF60}.Debug|x86.ActiveCfg = Debug|Any CPU
		{0C9F850A-6DEB-4A08-B4F2-7A53F86BFF60}.Debug|x86.Build.0 = Debug|Any CPU
		{0C9F850A-6DEB-4A08-B4F2-7A53F86BFF60}.Release|Any CPU.ActiveCfg = Release|Any CPU
		{0C9F850A-6DEB-4A08-B4F2-7A53F86BFF60}.Release|Any CPU.Build.0 = Release|Any CPU
		{0C9F850A-6DEB-4A08-B4F2-7A53F86BFF60}.Release|x64.ActiveCfg = Release|Any CPU
		{0C9F850A-6DEB-4A08-B4F2-7A53F86BFF60}.Release|x64.Build.0 = Release|Any CPU
		{0C9F850A-6DEB-4A08-B4F2-7A53F86BFF60}.Release|x86.ActiveCfg = Release|Any CPU
		{0C9F850A-6DEB-4A08-B4F2-7A53F86BFF60}.Release|x86.Build.0 = Release|Any CPU
	EndGlobalSection
EndGlobal
